// !$*UTF8*$!
{
	archiveVersion = 1;
	classes = {
	};
	objectVersion = 46;
	objects = {

/* Begin PBXBuildFile section */
		674609311FDB135B00A2A960 /* AppDelegate.swift in Sources */ = {isa = PBXBuildFile; fileRef = 674609301FDB135B00A2A960 /* AppDelegate.swift */; };
		674609331FDB135B00A2A960 /* ViewController.swift in Sources */ = {isa = PBXBuildFile; fileRef = 674609321FDB135B00A2A960 /* ViewController.swift */; };
		674609361FDB135B00A2A960 /* Main.storyboard in Resources */ = {isa = PBXBuildFile; fileRef = 674609341FDB135B00A2A960 /* Main.storyboard */; };
		674609381FDB135B00A2A960 /* Assets.xcassets in Resources */ = {isa = PBXBuildFile; fileRef = 674609371FDB135B00A2A960 /* Assets.xcassets */; };
		6746093B1FDB135B00A2A960 /* LaunchScreen.storyboard in Resources */ = {isa = PBXBuildFile; fileRef = 674609391FDB135B00A2A960 /* LaunchScreen.storyboard */; };
		674609461FDB135B00A2A960 /* Button_TapTests.swift in Sources */ = {isa = PBXBuildFile; fileRef = 674609451FDB135B00A2A960 /* Button_TapTests.swift */; };
		674609511FDB135B00A2A960 /* Button_TapUITests.swift in Sources */ = {isa = PBXBuildFile; fileRef = 674609501FDB135B00A2A960 /* Button_TapUITests.swift */; };
/* End PBXBuildFile section */

/* Begin PBXContainerItemProxy section */
		674609421FDB135B00A2A960 /* PBXContainerItemProxy */ = {
			isa = PBXContainerItemProxy;
			containerPortal = 674609251FDB135B00A2A960 /* Project object */;
			proxyType = 1;
			remoteGlobalIDString = 6746092C1FDB135B00A2A960;
			remoteInfo = "Button Tap";
		};
		6746094D1FDB135B00A2A960 /* PBXContainerItemProxy */ = {
			isa = PBXContainerItemProxy;
			containerPortal = 674609251FDB135B00A2A960 /* Project object */;
			proxyType = 1;
			remoteGlobalIDString = 6746092C1FDB135B00A2A960;
			remoteInfo = "Button Tap";
		};
/* End PBXContainerItemProxy section */

/* Begin PBXFileReference section */
		6746092D1FDB135B00A2A960 /* Button Tap.app */ = {isa = PBXFileReference; explicitFileType = wrapper.application; includeInIndex = 0; path = "Button Tap.app"; sourceTree = BUILT_PRODUCTS_DIR; };
		674609301FDB135B00A2A960 /* AppDelegate.swift */ = {isa = PBXFileReference; lastKnownFileType = sourcecode.swift; path = AppDelegate.swift; sourceTree = "<group>"; };
		674609321FDB135B00A2A960 /* ViewController.swift */ = {isa = PBXFileReference; lastKnownFileType = sourcecode.swift; path = ViewController.swift; sourceTree = "<group>"; };
		674609351FDB135B00A2A960 /* Base */ = {isa = PBXFileReference; lastKnownFileType = file.storyboard; name = Base; path = Base.lproj/Main.storyboard; sourceTree = "<group>"; };
		674609371FDB135B00A2A960 /* Assets.xcassets */ = {isa = PBXFileReference; lastKnownFileType = folder.assetcatalog; path = Assets.xcassets; sourceTree = "<group>"; };
		6746093A1FDB135B00A2A960 /* Base */ = {isa = PBXFileReference; lastKnownFileType = file.storyboard; name = Base; path = Base.lproj/LaunchScreen.storyboard; sourceTree = "<group>"; };
		6746093C1FDB135B00A2A960 /* Info.plist */ = {isa = PBXFileReference; lastKnownFileType = text.plist.xml; path = Info.plist; sourceTree = "<group>"; };
		674609411FDB135B00A2A960 /* Button TapTests.xctest */ = {isa = PBXFileReference; explicitFileType = wrapper.cfbundle; includeInIndex = 0; path = "Button TapTests.xctest"; sourceTree = BUILT_PRODUCTS_DIR; };
		674609451FDB135B00A2A960 /* Button_TapTests.swift */ = {isa = PBXFileReference; lastKnownFileType = sourcecode.swift; path = Button_TapTests.swift; sourceTree = "<group>"; };
		674609471FDB135B00A2A960 /* Info.plist */ = {isa = PBXFileReference; lastKnownFileType = text.plist.xml; path = Info.plist; sourceTree = "<group>"; };
		6746094C1FDB135B00A2A960 /* Button TapUITests.xctest */ = {isa = PBXFileReference; explicitFileType = wrapper.cfbundle; includeInIndex = 0; path = "Button TapUITests.xctest"; sourceTree = BUILT_PRODUCTS_DIR; };
		674609501FDB135B00A2A960 /* Button_TapUITests.swift */ = {isa = PBXFileReference; lastKnownFileType = sourcecode.swift; path = Button_TapUITests.swift; sourceTree = "<group>"; };
		674609521FDB135B00A2A960 /* Info.plist */ = {isa = PBXFileReference; lastKnownFileType = text.plist.xml; path = Info.plist; sourceTree = "<group>"; };
/* End PBXFileReference section */

/* Begin PBXFrameworksBuildPhase section */
		6746092A1FDB135B00A2A960 /* Frameworks */ = {
			isa = PBXFrameworksBuildPhase;
			buildActionMask = 2147483647;
			files = (
			);
			runOnlyForDeploymentPostprocessing = 0;
		};
		6746093E1FDB135B00A2A960 /* Frameworks */ = {
			isa = PBXFrameworksBuildPhase;
			buildActionMask = 2147483647;
			files = (
			);
			runOnlyForDeploymentPostprocessing = 0;
		};
		674609491FDB135B00A2A960 /* Frameworks */ = {
			isa = PBXFrameworksBuildPhase;
			buildActionMask = 2147483647;
			files = (
			);
			runOnlyForDeploymentPostprocessing = 0;
		};
/* End PBXFrameworksBuildPhase section */

/* Begin PBXGroup section */
		674609241FDB135B00A2A960 = {
			isa = PBXGroup;
			children = (
				6746092F1FDB135B00A2A960 /* Button Tap */,
				674609441FDB135B00A2A960 /* Button TapTests */,
				6746094F1FDB135B00A2A960 /* Button TapUITests */,
				6746092E1FDB135B00A2A960 /* Products */,
			);
			sourceTree = "<group>";
		};
		6746092E1FDB135B00A2A960 /* Products */ = {
			isa = PBXGroup;
			children = (
				6746092D1FDB135B00A2A960 /* Button Tap.app */,
				674609411FDB135B00A2A960 /* Button TapTests.xctest */,
				6746094C1FDB135B00A2A960 /* Button TapUITests.xctest */,
			);
			name = Products;
			sourceTree = "<group>";
		};
		6746092F1FDB135B00A2A960 /* Button Tap */ = {
			isa = PBXGroup;
			children = (
				674609301FDB135B00A2A960 /* AppDelegate.swift */,
				674609321FDB135B00A2A960 /* ViewController.swift */,
				674609341FDB135B00A2A960 /* Main.storyboard */,
				674609371FDB135B00A2A960 /* Assets.xcassets */,
				674609391FDB135B00A2A960 /* LaunchScreen.storyboard */,
				6746093C1FDB135B00A2A960 /* Info.plist */,
			);
			path = "Button Tap";
			sourceTree = "<group>";
		};
		674609441FDB135B00A2A960 /* Button TapTests */ = {
			isa = PBXGroup;
			children = (
				674609451FDB135B00A2A960 /* Button_TapTests.swift */,
				674609471FDB135B00A2A960 /* Info.plist */,
			);
			path = "Button TapTests";
			sourceTree = "<group>";
		};
		6746094F1FDB135B00A2A960 /* Button TapUITests */ = {
			isa = PBXGroup;
			children = (
				674609501FDB135B00A2A960 /* Button_TapUITests.swift */,
				674609521FDB135B00A2A960 /* Info.plist */,
			);
			path = "Button TapUITests";
			sourceTree = "<group>";
		};
/* End PBXGroup section */

/* Begin PBXNativeTarget section */
		6746092C1FDB135B00A2A960 /* Button Tap */ = {
			isa = PBXNativeTarget;
			buildConfigurationList = 674609551FDB135B00A2A960 /* Build configuration list for PBXNativeTarget "Button Tap" */;
			buildPhases = (
				674609291FDB135B00A2A960 /* Sources */,
				6746092A1FDB135B00A2A960 /* Frameworks */,
				6746092B1FDB135B00A2A960 /* Resources */,
			);
			buildRules = (
			);
			dependencies = (
			);
			name = "Button Tap";
			productName = "Button Tap";
			productReference = 6746092D1FDB135B00A2A960 /* Button Tap.app */;
			productType = "com.apple.product-type.application";
		};
		674609401FDB135B00A2A960 /* Button TapTests */ = {
			isa = PBXNativeTarget;
			buildConfigurationList = 674609581FDB135B00A2A960 /* Build configuration list for PBXNativeTarget "Button TapTests" */;
			buildPhases = (
				6746093D1FDB135B00A2A960 /* Sources */,
				6746093E1FDB135B00A2A960 /* Frameworks */,
				6746093F1FDB135B00A2A960 /* Resources */,
			);
			buildRules = (
			);
			dependencies = (
				674609431FDB135B00A2A960 /* PBXTargetDependency */,
			);
			name = "Button TapTests";
			productName = "Button TapTests";
			productReference = 674609411FDB135B00A2A960 /* Button TapTests.xctest */;
			productType = "com.apple.product-type.bundle.unit-test";
		};
		6746094B1FDB135B00A2A960 /* Button TapUITests */ = {
			isa = PBXNativeTarget;
			buildConfigurationList = 6746095B1FDB135B00A2A960 /* Build configuration list for PBXNativeTarget "Button TapUITests" */;
			buildPhases = (
				674609481FDB135B00A2A960 /* Sources */,
				674609491FDB135B00A2A960 /* Frameworks */,
				6746094A1FDB135B00A2A960 /* Resources */,
			);
			buildRules = (
			);
			dependencies = (
				6746094E1FDB135B00A2A960 /* PBXTargetDependency */,
			);
			name = "Button TapUITests";
			productName = "Button TapUITests";
			productReference = 6746094C1FDB135B00A2A960 /* Button TapUITests.xctest */;
			productType = "com.apple.product-type.bundle.ui-testing";
		};
/* End PBXNativeTarget section */

/* Begin PBXProject section */
		674609251FDB135B00A2A960 /* Project object */ = {
			isa = PBXProject;
			attributes = {
				LastSwiftUpdateCheck = 0820;
				LastUpgradeCheck = 0820;
				ORGANIZATIONNAME = test;
				TargetAttributes = {
					6746092C1FDB135B00A2A960 = {
						CreatedOnToolsVersion = 8.2.1;
						ProvisioningStyle = Automatic;
					};
					674609401FDB135B00A2A960 = {
						CreatedOnToolsVersion = 8.2.1;
						ProvisioningStyle = Automatic;
						TestTargetID = 6746092C1FDB135B00A2A960;
					};
					6746094B1FDB135B00A2A960 = {
						CreatedOnToolsVersion = 8.2.1;
						ProvisioningStyle = Automatic;
						TestTargetID = 6746092C1FDB135B00A2A960;
					};
				};
			};
			buildConfigurationList = 674609281FDB135B00A2A960 /* Build configuration list for PBXProject "Button Tap" */;
			compatibilityVersion = "Xcode 3.2";
			developmentRegion = English;
			hasScannedForEncodings = 0;
			knownRegions = (
				en,
				Base,
			);
			mainGroup = 674609241FDB135B00A2A960;
			productRefGroup = 6746092E1FDB135B00A2A960 /* Products */;
			projectDirPath = "";
			projectRoot = "";
			targets = (
				6746092C1FDB135B00A2A960 /* Button Tap */,
				674609401FDB135B00A2A960 /* Button TapTests */,
				6746094B1FDB135B00A2A960 /* Button TapUITests */,
			);
		};
/* End PBXProject section */

/* Begin PBXResourcesBuildPhase section */
		6746092B1FDB135B00A2A960 /* Resources */ = {
			isa = PBXResourcesBuildPhase;
			buildActionMask = 2147483647;
			files = (
				6746093B1FDB135B00A2A960 /* LaunchScreen.storyboard in Resources */,
				674609381FDB135B00A2A960 /* Assets.xcassets in Resources */,
				674609361FDB135B00A2A960 /* Main.storyboard in Resources */,
			);
			runOnlyForDeploymentPostprocessing = 0;
		};
		6746093F1FDB135B00A2A960 /* Resources */ = {
			isa = PBXResourcesBuildPhase;
			buildActionMask = 2147483647;
			files = (
			);
			runOnlyForDeploymentPostprocessing = 0;
		};
		6746094A1FDB135B00A2A960 /* Resources */ = {
			isa = PBXResourcesBuildPhase;
			buildActionMask = 2147483647;
			files = (
			);
			runOnlyForDeploymentPostprocessing = 0;
		};
/* End PBXResourcesBuildPhase section */

/* Begin PBXSourcesBuildPhase section */
		674609291FDB135B00A2A960 /* Sources */ = {
			isa = PBXSourcesBuildPhase;
			buildActionMask = 2147483647;
			files = (
				674609331FDB135B00A2A960 /* ViewController.swift in Sources */,
				674609311FDB135B00A2A960 /* AppDelegate.swift in Sources */,
			);
			runOnlyForDeploymentPostprocessing = 0;
		};
		6746093D1FDB135B00A2A960 /* Sources */ = {
			isa = PBXSourcesBuildPhase;
			buildActionMask = 2147483647;
			files = (
				674609461FDB135B00A2A960 /* Button_TapTests.swift in Sources */,
			);
			runOnlyForDeploymentPostprocessing = 0;
		};
		674609481FDB135B00A2A960 /* Sources */ = {
			isa = PBXSourcesBuildPhase;
			buildActionMask = 2147483647;
			files = (
				674609511FDB135B00A2A960 /* Button_TapUITests.swift in Sources */,
			);
			runOnlyForDeploymentPostprocessing = 0;
		};
/* End PBXSourcesBuildPhase section */

/* Begin PBXTargetDependency section */
		674609431FDB135B00A2A960 /* PBXTargetDependency */ = {
			isa = PBXTargetDependency;
			target = 6746092C1FDB135B00A2A960 /* Button Tap */;
			targetProxy = 674609421FDB135B00A2A960 /* PBXContainerItemProxy */;
		};
		6746094E1FDB135B00A2A960 /* PBXTargetDependency */ = {
			isa = PBXTargetDependency;
			target = 6746092C1FDB135B00A2A960 /* Button Tap */;
			targetProxy = 6746094D1FDB135B00A2A960 /* PBXContainerItemProxy */;
		};
/* End PBXTargetDependency section */

/* Begin PBXVariantGroup section */
		674609341FDB135B00A2A960 /* Main.storyboard */ = {
			isa = PBXVariantGroup;
			children = (
				674609351FDB135B00A2A960 /* Base */,
			);
			name = Main.storyboard;
			sourceTree = "<group>";
		};
		674609391FDB135B00A2A960 /* LaunchScreen.storyboard */ = {
			isa = PBXVariantGroup;
			children = (
				6746093A1FDB135B00A2A960 /* Base */,
			);
			name = LaunchScreen.storyboard;
			sourceTree = "<group>";
		};
/* End PBXVariantGroup section */

/* Begin XCBuildConfiguration section */
		674609531FDB135B00A2A960 /* Debug */ = {
			isa = XCBuildConfiguration;
			buildSettings = {
				ALWAYS_SEARCH_USER_PATHS = NO;
				CLANG_ANALYZER_NONNULL = YES;
				CLANG_CXX_LANGUAGE_STANDARD = "gnu++0x";
				CLANG_CXX_LIBRARY = "libc++";
				CLANG_ENABLE_MODULES = YES;
				CLANG_ENABLE_OBJC_ARC = YES;
				CLANG_WARN_BOOL_CONVERSION = YES;
				CLANG_WARN_CONSTANT_CONVERSION = YES;
				CLANG_WARN_DIRECT_OBJC_ISA_USAGE = YES_ERROR;
				CLANG_WARN_DOCUMENTATION_COMMENTS = YES;
				CLANG_WARN_EMPTY_BODY = YES;
				CLANG_WARN_ENUM_CONVERSION = YES;
				CLANG_WARN_INFINITE_RECURSION = YES;
				CLANG_WARN_INT_CONVERSION = YES;
				CLANG_WARN_OBJC_ROOT_CLASS = YES_ERROR;
				CLANG_WARN_SUSPICIOUS_MOVE = YES;
				CLANG_WARN_UNREACHABLE_CODE = YES;
				CLANG_WARN__DUPLICATE_METHOD_MATCH = YES;
				"CODE_SIGN_IDENTITY[sdk=iphoneos*]" = "iPhone Developer";
				COPY_PHASE_STRIP = NO;
				DEBUG_INFORMATION_FORMAT = dwarf;
				ENABLE_STRICT_OBJC_MSGSEND = YES;
				ENABLE_TESTABILITY = YES;
				GCC_C_LANGUAGE_STANDARD = gnu99;
				GCC_DYNAMIC_NO_PIC = NO;
				GCC_NO_COMMON_BLOCKS = YES;
				GCC_OPTIMIZATION_LEVEL = 0;
				GCC_PREPROCESSOR_DEFINITIONS = (
					"DEBUG=1",
					"$(inherited)",
				);
				GCC_WARN_64_TO_32_BIT_CONVERSION = YES;
				GCC_WARN_ABOUT_RETURN_TYPE = YES_ERROR;
				GCC_WARN_UNDECLARED_SELECTOR = YES;
				GCC_WARN_UNINITIALIZED_AUTOS = YES_AGGRESSIVE;
				GCC_WARN_UNUSED_FUNCTION = YES;
				GCC_WARN_UNUSED_VARIABLE = YES;
				IPHONEOS_DEPLOYMENT_TARGET = 10.2;
				MTL_ENABLE_DEBUG_INFO = YES;
				ONLY_ACTIVE_ARCH = YES;
				SDKROOT = iphoneos;
				SWIFT_ACTIVE_COMPILATION_CONDITIONS = DEBUG;
				SWIFT_OPTIMIZATION_LEVEL = "-Onone";
			};
			name = Debug;
		};
		674609541FDB135B00A2A960 /* Release */ = {
			isa = XCBuildConfiguration;
			buildSettings = {
				ALWAYS_SEARCH_USER_PATHS = NO;
				CLANG_ANALYZER_NONNULL = YES;
				CLANG_CXX_LANGUAGE_STANDARD = "gnu++0x";
				CLANG_CXX_LIBRARY = "libc++";
				CLANG_ENABLE_MODULES = YES;
				CLANG_ENABLE_OBJC_ARC = YES;
				CLANG_WARN_BOOL_CONVERSION = YES;
				CLANG_WARN_CONSTANT_CONVERSION = YES;
				CLANG_WARN_DIRECT_OBJC_ISA_USAGE = YES_ERROR;
				CLANG_WARN_DOCUMENTATION_COMMENTS = YES;
				CLANG_WARN_EMPTY_BODY = YES;
				CLANG_WARN_ENUM_CONVERSION = YES;
				CLANG_WARN_INFINITE_RECURSION = YES;
				CLANG_WARN_INT_CONVERSION = YES;
				CLANG_WARN_OBJC_ROOT_CLASS = YES_ERROR;
				CLANG_WARN_SUSPICIOUS_MOVE = YES;
				CLANG_WARN_UNREACHABLE_CODE = YES;
				CLANG_WARN__DUPLICATE_METHOD_MATCH = YES;
				"CODE_SIGN_IDENTITY[sdk=iphoneos*]" = "iPhone Developer";
				COPY_PHASE_STRIP = NO;
				DEBUG_INFORMATION_FORMAT = "dwarf-with-dsym";
				ENABLE_NS_ASSERTIONS = NO;
				ENABLE_STRICT_OBJC_MSGSEND = YES;
				GCC_C_LANGUAGE_STANDARD = gnu99;
				GCC_NO_COMMON_BLOCKS = YES;
				GCC_WARN_64_TO_32_BIT_CONVERSION = YES;
				GCC_WARN_ABOUT_RETURN_TYPE = YES_ERROR;
				GCC_WARN_UNDECLARED_SELECTOR = YES;
				GCC_WARN_UNINITIALIZED_AUTOS = YES_AGGRESSIVE;
				GCC_WARN_UNUSED_FUNCTION = YES;
				GCC_WARN_UNUSED_VARIABLE = YES;
				IPHONEOS_DEPLOYMENT_TARGET = 10.2;
				MTL_ENABLE_DEBUG_INFO = NO;
				SDKROOT = iphoneos;
				SWIFT_OPTIMIZATION_LEVEL = "-Owholemodule";
				VALIDATE_PRODUCT = YES;
			};
			name = Release;
		};
		674609561FDB135B00A2A960 /* Debug */ = {
			isa = XCBuildConfiguration;
			buildSettings = {
				ASSETCATALOG_COMPILER_APPICON_NAME = AppIcon;
				INFOPLIST_FILE = "Button Tap/Info.plist";
				LD_RUNPATH_SEARCH_PATHS = "$(inherited) @executable_path/Frameworks";
				PRODUCT_BUNDLE_IDENTIFIER = "aaa.Button-Tap";
				PRODUCT_NAME = "$(TARGET_NAME)";
				SWIFT_VERSION = 3.0;
			};
			name = Debug;
		};
		674609571FDB135B00A2A960 /* Release */ = {
			isa = XCBuildConfiguration;
			buildSettings = {
				ASSETCATALOG_COMPILER_APPICON_NAME = AppIcon;
				INFOPLIST_FILE = "Button Tap/Info.plist";
				LD_RUNPATH_SEARCH_PATHS = "$(inherited) @executable_path/Frameworks";
				PRODUCT_BUNDLE_IDENTIFIER = "aaa.Button-Tap";
				PRODUCT_NAME = "$(TARGET_NAME)";
				SWIFT_VERSION = 3.0;
			};
			name = Release;
		};
		674609591FDB135B00A2A960 /* Debug */ = {
			isa = XCBuildConfiguration;
			buildSettings = {
				ALWAYS_EMBED_SWIFT_STANDARD_LIBRARIES = YES;
				BUNDLE_LOADER = "$(TEST_HOST)";
				INFOPLIST_FILE = "Button TapTests/Info.plist";
				LD_RUNPATH_SEARCH_PATHS = "$(inherited) @executable_path/Frameworks @loader_path/Frameworks";
				PRODUCT_BUNDLE_IDENTIFIER = "aaa.Button-TapTests";
				PRODUCT_NAME = "$(TARGET_NAME)";
				SWIFT_VERSION = 3.0;
				TEST_HOST = "$(BUILT_PRODUCTS_DIR)/Button Tap.app/Button Tap";
			};
			name = Debug;
		};
		6746095A1FDB135B00A2A960 /* Release */ = {
			isa = XCBuildConfiguration;
			buildSettings = {
				ALWAYS_EMBED_SWIFT_STANDARD_LIBRARIES = YES;
				BUNDLE_LOADER = "$(TEST_HOST)";
				INFOPLIST_FILE = "Button TapTests/Info.plist";
				LD_RUNPATH_SEARCH_PATHS = "$(inherited) @executable_path/Frameworks @loader_path/Frameworks";
				PRODUCT_BUNDLE_IDENTIFIER = "aaa.Button-TapTests";
				PRODUCT_NAME = "$(TARGET_NAME)";
				SWIFT_VERSION = 3.0;
				TEST_HOST = "$(BUILT_PRODUCTS_DIR)/Button Tap.app/Button Tap";
			};
			name = Release;
		};
		6746095C1FDB135B00A2A960 /* Debug */ = {
			isa = XCBuildConfiguration;
			buildSettings = {
				ALWAYS_EMBED_SWIFT_STANDARD_LIBRARIES = YES;
				INFOPLIST_FILE = "Button TapUITests/Info.plist";
				LD_RUNPATH_SEARCH_PATHS = "$(inherited) @executable_path/Frameworks @loader_path/Frameworks";
				PRODUCT_BUNDLE_IDENTIFIER = "aaa.Button-TapUITests";
				PRODUCT_NAME = "$(TARGET_NAME)";
				SWIFT_VERSION = 3.0;
				TEST_TARGET_NAME = "Button Tap";
			};
			name = Debug;
		};
		6746095D1FDB135B00A2A960 /* Release */ = {
			isa = XCBuildConfiguration;
			buildSettings = {
				ALWAYS_EMBED_SWIFT_STANDARD_LIBRARIES = YES;
				INFOPLIST_FILE = "Button TapUITests/Info.plist";
				LD_RUNPATH_SEARCH_PATHS = "$(inherited) @executable_path/Frameworks @loader_path/Frameworks";
				PRODUCT_BUNDLE_IDENTIFIER = "aaa.Button-TapUITests";
				PRODUCT_NAME = "$(TARGET_NAME)";
				SWIFT_VERSION = 3.0;
				TEST_TARGET_NAME = "Button Tap";
			};
			name = Release;
		};
/* End XCBuildConfiguration section */

/* Begin XCConfigurationList section */
		674609281FDB135B00A2A960 /* Build configuration list for PBXProject "Button Tap" */ = {
			isa = XCConfigurationList;
			buildConfigurations = (
				674609531FDB135B00A2A960 /* Debug */,
				674609541FDB135B00A2A960 /* Release */,
			);
			defaultConfigurationIsVisible = 0;
			defaultConfigurationName = Release;
		};
		674609551FDB135B00A2A960 /* Build configuration list for PBXNativeTarget "Button Tap" */ = {
			isa = XCConfigurationList;
			buildConfigurations = (
				674609561FDB135B00A2A960 /* Debug */,
				674609571FDB135B00A2A960 /* Release */,
			);
			defaultConfigurationIsVisible = 0;
		};
		674609581FDB135B00A2A960 /* Build configuration list for PBXNativeTarget "Button TapTests" */ = {
			isa = XCConfigurationList;
			buildConfigurations = (
				674609591FDB135B00A2A960 /* Debug */,
				6746095A1FDB135B00A2A960 /* Release */,
			);
			defaultConfigurationIsVisible = 0;
		};
		6746095B1FDB135B00A2A960 /* Build configuration list for PBXNativeTarget "Button TapUITests" */ = {
			isa = XCConfigurationList;
			buildConfigurations = (
				6746095C1FDB135B00A2A960 /* Debug */,
				6746095D1FDB135B00A2A960 /* Release */,
			);
			defaultConfigurationIsVisible = 0;
		};
/* End XCConfigurationList section */
	};
	rootObject = 674609251FDB135B00A2A960 /* Project object */;
}
